{
  "requires": true,
  "lockfileVersion": 1,
  "dependencies": {
    "dropzone": {
      "version": "5.7.1",
      "resolved": "https://registry.npmjs.org/dropzone/-/dropzone-5.7.1.tgz",
      "integrity": "sha512-eqcJafupMKRlVUihZtsLkzLn02WTPUMHeImP5ZtWm3ERObC/dv15te0qqn/X2rEKaSqRC0pNTHUBPgrPWcP52w=="
    }
  }
}
